
Microsoft Visual Studio Solution File, Format Version 12.00
# Visual Studio 15
VisualStudioVersion = 15.0.28010.2050
MinimumVisualStudioVersion = 10.0.40219.1
Project("{FAE04EC0-301F-11D3-BF4B-00C04F79EFBC}") = "ElKarma.Android", "ElKarma\ElKarma.Android\ElKarma.Android.csproj", "{24CE3C36-16B9-426D-AA0C-5961ECF8D88C}"
EndProject
Project("{FAE04EC0-301F-11D3-BF4B-00C04F79EFBC}") = "ElKarma.iOS", "ElKarma\ElKarma.iOS\ElKarma.iOS.csproj", "{828021A0-241C-487E-A43C-585CD92052D8}"
EndProject
Project("{FAE04EC0-301F-11D3-BF4B-00C04F79EFBC}") = "ElKarma", "ElKarma\ElKarma\ElKarma.csproj", "{B5E7B7E3-A285-4732-B4AF-7B6688D8280B}"
EndProject
Global
	GlobalSection(SolutionConfigurationPlatforms) = preSolution
		Debug|Any CPU = Debug|Any CPU
		Debug|iPhone = Debug|iPhone
		Debug|iPhoneSimulator = Debug|iPhoneSimulator
		Release|Any CPU = Release|Any CPU
		Release|iPhone = Release|iPhone
		Release|iPhoneSimulator = Release|iPhoneSimulator
	EndGlobalSection
	GlobalSection(ProjectConfigurationPlatforms) = postSolution
		{24CE3C36-16B9-426D-AA0C-5961ECF8D88C}.Debug|Any CPU.ActiveCfg = Debug|Any CPU
		{24CE3C36-16B9-426D-AA0C-5961ECF8D88C}.Debug|Any CPU.Build.0 = Debug|Any CPU
		{24CE3C36-16B9-426D-AA0C-5961ECF8D88C}.Debug|Any CPU.Deploy.0 = Debug|Any CPU
		{24CE3C36-16B9-426D-AA0C-5961ECF8D88C}.Debug|iPhone.ActiveCfg = Debug|Any CPU
		{24CE3C36-16B9-426D-AA0C-5961ECF8D88C}.Debug|iPhone.Build.0 = Debug|Any CPU
		{24CE3C36-16B9-426D-AA0C-5961ECF8D88C}.Debug|iPhone.Deploy.0 = Debug|Any CPU
		{24CE3C36-16B9-426D-AA0C-5961ECF8D88C}.Debug|iPhoneSimulator.ActiveCfg = Debug|Any CPU
		{24CE3C36-16B9-426D-AA0C-5961ECF8D88C}.Debug|iPhoneSimulator.Build.0 = Debug|Any CPU
		{24CE3C36-16B9-426D-AA0C-5961ECF8D88C}.Debug|iPhoneSimulator.Deploy.0 = Debug|Any CPU
		{24CE3C36-16B9-426D-AA0C-5961ECF8D88C}.Release|Any CPU.ActiveCfg = Release|Any CPU
		{24CE3C36-16B9-426D-AA0C-5961ECF8D88C}.Release|Any CPU.Build.0 = Release|Any CPU
		{24CE3C36-16B9-426D-AA0C-5961ECF8D88C}.Release|Any CPU.Deploy.0 = Release|Any CPU
		{24CE3C36-16B9-426D-AA0C-5961ECF8D88C}.Release|iPhone.ActiveCfg = Release|Any CPU
		{24CE3C36-16B9-426D-AA0C-5961ECF8D88C}.Release|iPhone.Build.0 = Release|Any CPU
		{24CE3C36-16B9-426D-AA0C-5961ECF8D88C}.Release|iPhone.Deploy.0 = Release|Any CPU
		{24CE3C36-16B9-426D-AA0C-5961ECF8D88C}.Release|iPhoneSimulator.ActiveCfg = Release|Any CPU
		{24CE3C36-16B9-426D-AA0C-5961ECF8D88C}.Release|iPhoneSimulator.Build.0 = Release|Any CPU
		{24CE3C36-16B9-426D-AA0C-5961ECF8D88C}.Release|iPhoneSimulator.Deploy.0 = Release|Any CPU
		{828021A0-241C-487E-A43C-585CD92052D8}.Debug|Any CPU.ActiveCfg = Debug|iPhoneSimulator
		{828021A0-241C-487E-A43C-585CD92052D8}.Debug|Any CPU.Build.0 = Debug|iPhoneSimulator
		{828021A0-241C-487E-A43C-585CD92052D8}.Debug|Any CPU.Deploy.0 = Debug|iPhoneSimulator
		{828021A0-241C-487E-A43C-585CD92052D8}.Debug|iPhone.ActiveCfg = Debug|iPhone
		{828021A0-241C-487E-A43C-585CD92052D8}.Debug|iPhone.Build.0 = Debug|iPhone
		{828021A0-241C-487E-A43C-585CD92052D8}.Debug|iPhone.Deploy.0 = Debug|iPhone
		{828021A0-241C-487E-A43C-585CD92052D8}.Debug|iPhoneSimulator.ActiveCfg = Debug|iPhoneSimulator
		{828021A0-241C-487E-A43C-585CD92052D8}.Debug|iPhoneSimulator.Build.0 = Debug|iPhoneSimulator
		{828021A0-241C-487E-A43C-585CD92052D8}.Debug|iPhoneSimulator.Deploy.0 = Debug|iPhoneSimulator
		{828021A0-241C-487E-A43C-585CD92052D8}.Release|Any CPU.ActiveCfg = Release|iPhone
		{828021A0-241C-487E-A43C-585CD92052D8}.Release|Any CPU.Build.0 = Release|iPhone
		{828021A0-241C-487E-A43C-585CD92052D8}.Release|Any CPU.Deploy.0 = Release|iPhone
		{828021A0-241C-487E-A43C-585CD92052D8}.Release|iPhone.ActiveCfg = Release|iPhone
		{828021A0-241C-487E-A43C-585CD92052D8}.Release|iPhone.Build.0 = Release|iPhone
		{828021A0-241C-487E-A43C-585CD92052D8}.Release|iPhone.Deploy.0 = Release|iPhone
		{828021A0-241C-487E-A43C-585CD92052D8}.Release|iPhoneSimulator.ActiveCfg = Release|iPhoneSimulator
		{828021A0-241C-487E-A43C-585CD92052D8}.Release|iPhoneSimulator.Build.0 = Release|iPhoneSimulator
		{828021A0-241C-487E-A43C-585CD92052D8}.Release|iPhoneSimulator.Deploy.0 = Release|iPhoneSimulator
		{B5E7B7E3-A285-4732-B4AF-7B6688D8280B}.Debug|Any CPU.ActiveCfg = Debug|Any CPU
		{B5E7B7E3-A285-4732-B4AF-7B6688D8280B}.Debug|Any CPU.Build.0 = Debug|Any CPU
		{B5E7B7E3-A285-4732-B4AF-7B6688D8280B}.Debug|Any CPU.Deploy.0 = Debug|Any CPU
		{B5E7B7E3-A285-4732-B4AF-7B6688D8280B}.Debug|iPhone.ActiveCfg = Debug|Any CPU
		{B5E7B7E3-A285-4732-B4AF-7B6688D8280B}.Debug|iPhone.Build.0 = Debug|Any CPU
		{B5E7B7E3-A285-4732-B4AF-7B6688D8280B}.Debug|iPhone.Deploy.0 = Debug|Any CPU
		{B5E7B7E3-A285-4732-B4AF-7B6688D8280B}.Debug|iPhoneSimulator.ActiveCfg = Debug|Any CPU
		{B5E7B7E3-A285-4732-B4AF-7B6688D8280B}.Debug|iPhoneSimulator.Build.0 = Debug|Any CPU
		{B5E7B7E3-A285-4732-B4AF-7B6688D8280B}.Debug|iPhoneSimulator.Deploy.0 = Debug|Any CPU
		{B5E7B7E3-A285-4732-B4AF-7B6688D8280B}.Release|Any CPU.ActiveCfg = Release|Any CPU
		{B5E7B7E3-A285-4732-B4AF-7B6688D8280B}.Release|Any CPU.Build.0 = Release|Any CPU
		{B5E7B7E3-A285-4732-B4AF-7B6688D8280B}.Release|Any CPU.Deploy.0 = Release|Any CPU
		{B5E7B7E3-A285-4732-B4AF-7B6688D8280B}.Release|iPhone.ActiveCfg = Release|Any CPU
		{B5E7B7E3-A285-4732-B4AF-7B6688D8280B}.Release|iPhone.Build.0 = Release|Any CPU
		{B5E7B7E3-A285-4732-B4AF-7B6688D8280B}.Release|iPhone.Deploy.0 = Release|Any CPU
		{B5E7B7E3-A285-4732-B4AF-7B6688D8280B}.Release|iPhoneSimulator.ActiveCfg = Release|Any CPU
		{B5E7B7E3-A285-4732-B4AF-7B6688D8280B}.Release|iPhoneSimulator.Build.0 = Release|Any CPU
		{B5E7B7E3-A285-4732-B4AF-7B6688D8280B}.Release|iPhoneSimulator.Deploy.0 = Release|Any CPU
	EndGlobalSection
	GlobalSection(SolutionProperties) = preSolution
		HideSolutionNode = FALSE
	EndGlobalSection
	GlobalSection(ExtensibilityGlobals) = postSolution
		SolutionGuid = {7034B046-4465-4842-840D-C0E8B1EF66CD}
	EndGlobalSection
EndGlobal
